PODS:
  - FMDB (2.7.5):
    - FMDB/standard (= 2.7.5)
  - FMDB/standard (2.7.5)
  - MementoKV (0.1.2):
    - FMDB

DEPENDENCIES:
  - MementoKV (from `../`)

SPEC REPOS:
  trunk:
    - FMDB

EXTERNAL SOURCES:
  MementoKV:
    :path: "../"

SPEC CHECKSUMS:
  FMDB: 2ce00b547f966261cd18927a3ddb07cb6f3db82a
  MementoKV: 22a18505134756239bb3f185079ac8ea8ffb3f18

PODFILE CHECKSUM: 6e44151660f5abaf094529beb85b90bfdc46eb93

COCOAPODS: 1.16.2
